
Microsoft Visual Studio Solution File, Format Version 12.00
# Visual Studio Version 17
VisualStudioVersion = 17.4.33213.308
MinimumVisualStudioVersion = 10.0.40219.1
Project("{9A19103F-16F7-4668-BE54-9A1E7A4F7556}") = "01. Sort Numbers", "01. Sort Numbers\01. Sort Numbers.csproj", "{43913636-62DC-4170-8A02-5DFD4D9C1ED5}"
EndProject
Project("{9A19103F-16F7-4668-BE54-9A1E7A4F7556}") = "02. English Name of the Last Digit", "02. English Name of the Last Digit\02. English Name of the Last Digit.csproj", "{01F40F11-63E9-475C-9C06-D8B846564FAF}"
EndProject
Project("{9A19103F-16F7-4668-BE54-9A1E7A4F7556}") = "03. Gaming Store", "03. Gaming Store\03. Gaming Store.csproj", "{1C440D41-504C-4DD5-A8DE-344DA72BBBF2}"
EndProject
Project("{9A19103F-16F7-4668-BE54-9A1E7A4F7556}") = "04. Reverse String", "04. Reverse String\04. Reverse String.csproj", "{8632C7D3-B77B-4658-8209-789FC157F5F3}"
EndProject
Project("{9A19103F-16F7-4668-BE54-9A1E7A4F7556}") = "05. Messages", "05. Messages\05. Messages.csproj", "{92985125-5CC0-4F9E-87F1-21E70C897AE3}"
EndProject
Project("{FAE04EC0-301F-11D3-BF4B-00C04F79EFBC}") = "01. Convert Meters to Kilometers", "01. Convert Meters to Kilometers\01. Convert Meters to Kilometers.csproj", "{DF1C56EF-0490-4D85-AA52-7C7CAB690148}"
EndProject
Project("{FAE04EC0-301F-11D3-BF4B-00C04F79EFBC}") = "02. Pounds to Dollars", "02. Pounds to Dollars\02. Pounds to Dollars.csproj", "{83240626-87D1-410A-BFF3-B7D8952ED9B9}"
EndProject
Project("{FAE04EC0-301F-11D3-BF4B-00C04F79EFBC}") = "03. Exact Sum of Real Numbers", "03. Exact Sum of Real Numbers\03. Exact Sum of Real Numbers.csproj", "{57B37494-7B0A-4001-882C-2EEA6098E977}"
EndProject
Project("{FAE04EC0-301F-11D3-BF4B-00C04F79EFBC}") = "04. Centuries to Minutes", "04. Centuries to Minutes\04. Centuries to Minutes.csproj", "{DBECC86B-5E9E-468C-A1E8-9A5EC0969968}"
EndProject
Project("{FAE04EC0-301F-11D3-BF4B-00C04F79EFBC}") = "05. Special Numbers", "05. Special Numbers\05. Special Numbers.csproj", "{E4E6F80C-AEBA-4FB6-AEA3-B8FF08793761}"
EndProject
Project("{FAE04EC0-301F-11D3-BF4B-00C04F79EFBC}") = "06. Reversed Chars", "06. Reversed Chars\06. Reversed Chars.csproj", "{D40F3761-9F3B-47EE-9137-3E56F47BFF0E}"
EndProject
Project("{FAE04EC0-301F-11D3-BF4B-00C04F79EFBC}") = "10. Lower or Upper", "10. Lower or Upper\10. Lower or Upper.csproj", "{6F3CA507-5CB9-4762-8610-440DAAA1F73B}"
EndProject
Project("{FAE04EC0-301F-11D3-BF4B-00C04F79EFBC}") = "11. Refactor Volume of Pyramid", "11. Refactor Volume of Pyramid\11. Refactor Volume of Pyramid.csproj", "{B059F7B3-E5B7-4243-A8B3-BF30E24F3592}"
EndProject
Project("{FAE04EC0-301F-11D3-BF4B-00C04F79EFBC}") = "12. Refactor Special Numbers", "12. Refactor Special Numbers\12. Refactor Special Numbers.csproj", "{53C8790F-39E0-4DEA-A624-8B64D96283B6}"
EndProject
Global
	GlobalSection(SolutionConfigurationPlatforms) = preSolution
		Debug|Any CPU = Debug|Any CPU
		Release|Any CPU = Release|Any CPU
	EndGlobalSection
	GlobalSection(ProjectConfigurationPlatforms) = postSolution
		{43913636-62DC-4170-8A02-5DFD4D9C1ED5}.Debug|Any CPU.ActiveCfg = Debug|Any CPU
		{43913636-62DC-4170-8A02-5DFD4D9C1ED5}.Debug|Any CPU.Build.0 = Debug|Any CPU
		{43913636-62DC-4170-8A02-5DFD4D9C1ED5}.Release|Any CPU.ActiveCfg = Release|Any CPU
		{43913636-62DC-4170-8A02-5DFD4D9C1ED5}.Release|Any CPU.Build.0 = Release|Any CPU
		{01F40F11-63E9-475C-9C06-D8B846564FAF}.Debug|Any CPU.ActiveCfg = Debug|Any CPU
		{01F40F11-63E9-475C-9C06-D8B846564FAF}.Debug|Any CPU.Build.0 = Debug|Any CPU
		{01F40F11-63E9-475C-9C06-D8B846564FAF}.Release|Any CPU.ActiveCfg = Release|Any CPU
		{01F40F11-63E9-475C-9C06-D8B846564FAF}.Release|Any CPU.Build.0 = Release|Any CPU
		{1C440D41-504C-4DD5-A8DE-344DA72BBBF2}.Debug|Any CPU.ActiveCfg = Debug|Any CPU
		{1C440D41-504C-4DD5-A8DE-344DA72BBBF2}.Debug|Any CPU.Build.0 = Debug|Any CPU
		{1C440D41-504C-4DD5-A8DE-344DA72BBBF2}.Release|Any CPU.ActiveCfg = Release|Any CPU
		{1C440D41-504C-4DD5-A8DE-344DA72BBBF2}.Release|Any CPU.Build.0 = Release|Any CPU
		{8632C7D3-B77B-4658-8209-789FC157F5F3}.Debug|Any CPU.ActiveCfg = Debug|Any CPU
		{8632C7D3-B77B-4658-8209-789FC157F5F3}.Debug|Any CPU.Build.0 = Debug|Any CPU
		{8632C7D3-B77B-4658-8209-789FC157F5F3}.Release|Any CPU.ActiveCfg = Release|Any CPU
		{8632C7D3-B77B-4658-8209-789FC157F5F3}.Release|Any CPU.Build.0 = Release|Any CPU
		{92985125-5CC0-4F9E-87F1-21E70C897AE3}.Debug|Any CPU.ActiveCfg = Debug|Any CPU
		{92985125-5CC0-4F9E-87F1-21E70C897AE3}.Debug|Any CPU.Build.0 = Debug|Any CPU
		{92985125-5CC0-4F9E-87F1-21E70C897AE3}.Release|Any CPU.ActiveCfg = Release|Any CPU
		{92985125-5CC0-4F9E-87F1-21E70C897AE3}.Release|Any CPU.Build.0 = Release|Any CPU
		{DF1C56EF-0490-4D85-AA52-7C7CAB690148}.Debug|Any CPU.ActiveCfg = Debug|Any CPU
		{DF1C56EF-0490-4D85-AA52-7C7CAB690148}.Debug|Any CPU.Build.0 = Debug|Any CPU
		{DF1C56EF-0490-4D85-AA52-7C7CAB690148}.Release|Any CPU.ActiveCfg = Release|Any CPU
		{DF1C56EF-0490-4D85-AA52-7C7CAB690148}.Release|Any CPU.Build.0 = Release|Any CPU
		{83240626-87D1-410A-BFF3-B7D8952ED9B9}.Debug|Any CPU.ActiveCfg = Debug|Any CPU
		{83240626-87D1-410A-BFF3-B7D8952ED9B9}.Debug|Any CPU.Build.0 = Debug|Any CPU
		{83240626-87D1-410A-BFF3-B7D8952ED9B9}.Release|Any CPU.ActiveCfg = Release|Any CPU
		{83240626-87D1-410A-BFF3-B7D8952ED9B9}.Release|Any CPU.Build.0 = Release|Any CPU
		{57B37494-7B0A-4001-882C-2EEA6098E977}.Debug|Any CPU.ActiveCfg = Debug|Any CPU
		{57B37494-7B0A-4001-882C-2EEA6098E977}.Debug|Any CPU.Build.0 = Debug|Any CPU
		{57B37494-7B0A-4001-882C-2EEA6098E977}.Release|Any CPU.ActiveCfg = Release|Any CPU
		{57B37494-7B0A-4001-882C-2EEA6098E977}.Release|Any CPU.Build.0 = Release|Any CPU
		{DBECC86B-5E9E-468C-A1E8-9A5EC0969968}.Debug|Any CPU.ActiveCfg = Debug|Any CPU
		{DBECC86B-5E9E-468C-A1E8-9A5EC0969968}.Debug|Any CPU.Build.0 = Debug|Any CPU
		{DBECC86B-5E9E-468C-A1E8-9A5EC0969968}.Release|Any CPU.ActiveCfg = Release|Any CPU
		{DBECC86B-5E9E-468C-A1E8-9A5EC0969968}.Release|Any CPU.Build.0 = Release|Any CPU
		{E4E6F80C-AEBA-4FB6-AEA3-B8FF08793761}.Debug|Any CPU.ActiveCfg = Debug|Any CPU
		{E4E6F80C-AEBA-4FB6-AEA3-B8FF08793761}.Debug|Any CPU.Build.0 = Debug|Any CPU
		{E4E6F80C-AEBA-4FB6-AEA3-B8FF08793761}.Release|Any CPU.ActiveCfg = Release|Any CPU
		{E4E6F80C-AEBA-4FB6-AEA3-B8FF08793761}.Release|Any CPU.Build.0 = Release|Any CPU
		{D40F3761-9F3B-47EE-9137-3E56F47BFF0E}.Debug|Any CPU.ActiveCfg = Debug|Any CPU
		{D40F3761-9F3B-47EE-9137-3E56F47BFF0E}.Debug|Any CPU.Build.0 = Debug|Any CPU
		{D40F3761-9F3B-47EE-9137-3E56F47BFF0E}.Release|Any CPU.ActiveCfg = Release|Any CPU
		{D40F3761-9F3B-47EE-9137-3E56F47BFF0E}.Release|Any CPU.Build.0 = Release|Any CPU
		{6F3CA507-5CB9-4762-8610-440DAAA1F73B}.Debug|Any CPU.ActiveCfg = Debug|Any CPU
		{6F3CA507-5CB9-4762-8610-440DAAA1F73B}.Debug|Any CPU.Build.0 = Debug|Any CPU
		{6F3CA507-5CB9-4762-8610-440DAAA1F73B}.Release|Any CPU.ActiveCfg = Release|Any CPU
		{6F3CA507-5CB9-4762-8610-440DAAA1F73B}.Release|Any CPU.Build.0 = Release|Any CPU
		{B059F7B3-E5B7-4243-A8B3-BF30E24F3592}.Debug|Any CPU.ActiveCfg = Debug|Any CPU
		{B059F7B3-E5B7-4243-A8B3-BF30E24F3592}.Debug|Any CPU.Build.0 = Debug|Any CPU
		{B059F7B3-E5B7-4243-A8B3-BF30E24F3592}.Release|Any CPU.ActiveCfg = Release|Any CPU
		{B059F7B3-E5B7-4243-A8B3-BF30E24F3592}.Release|Any CPU.Build.0 = Release|Any CPU
		{53C8790F-39E0-4DEA-A624-8B64D96283B6}.Debug|Any CPU.ActiveCfg = Debug|Any CPU
		{53C8790F-39E0-4DEA-A624-8B64D96283B6}.Debug|Any CPU.Build.0 = Debug|Any CPU
		{53C8790F-39E0-4DEA-A624-8B64D96283B6}.Release|Any CPU.ActiveCfg = Release|Any CPU
		{53C8790F-39E0-4DEA-A624-8B64D96283B6}.Release|Any CPU.Build.0 = Release|Any CPU
	EndGlobalSection
	GlobalSection(SolutionProperties) = preSolution
		HideSolutionNode = FALSE
	EndGlobalSection
	GlobalSection(ExtensibilityGlobals) = postSolution
		SolutionGuid = {BD1A2030-7FDA-4F0E-9674-2F957C0AF154}
	EndGlobalSection
EndGlobal
